{
  "lockfileVersion": 1,
  "configVersion": 1,
  "workspaces": {
    "": {
      "name": "comrade-harness-standard",
      "dependencies": {
        "comrade-harness-lib": "github:windwhiterain/comrade-harness-lib#866e5e9ffd7f3ef7d93f640396b4c8213332ac4c",
        "dsh-minimal": "github:windwhiterain/dsh-minimal#6522154d608b68305dd90b5b4d860d0e4730b218",
      },
      "devDependencies": {
        "@types/bun": "latest",
        "typescript": "^5.0.0",
      },
    },
  },
  "packages": {
    "@types/bun": ["@types/bun@1.3.14", "", { "dependencies": { "bun-types": "1.3.14" } }, "sha512-h1hFqFVcvAvD9j9K7ZW7vd82aSA+rTdznZa+5bwvCwqSB1jmmfLcbIWhOLx1/+boy/xmjgCs/OMUL8hRJSmnPw=="],

    "@types/node": ["@types/node@26.2.0", "", { "dependencies": { "undici-types": "~8.3.0" } }, "sha512-5IviulTZeRNp2vAJ514cc/HUlY5nZ9fCbq9DMyC52BrhFZACo3nI0R7qBxhQmo/d27NFe96ur/b7Wwxklda+kg=="],

    "bun-types": ["bun-types@1.3.14", "", { "dependencies": { "@types/node": "*" } }, "sha512-4N0ig0fEomHt5R0KCFWjovxow98rIoRwKolrYdCcknNwMekCXRnWEUvgu5soYV8QXtVsrUD8B95MBOZGPvr6KQ=="],

    "comrade-harness-lib": ["comrade-harness-lib@github:windwhiterain/comrade-harness-lib#866e5e9", {}, "windwhiterain-comrade-harness-lib-866e5e9", "sha512-qhmw/K30sVey2CDK70iAVTyAaot+uXjLXAF00uditDnKMQeNBprDPPB8zn+lBD2lZzbRFLElZDObhmQ8RA8oaw=="],

    "dsh-minimal": ["dsh-minimal@github:windwhiterain/dsh-minimal#6522154", { "dependencies": { "comrade-harness-lib": "github:windwhiterain/comrade-harness-lib#5e10249c460d8cac442cfc8043ed3b3bd88e8b4f" } }, "windwhiterain-dsh-minimal-6522154", "sha512-eriltj/OJ8TUBSHzpef2FX5G0kEu0+YnV6ECFQFDQZ0/v0YwC5+ScRA1oeQVkVy0bnjTegJkQ7MBqh1GgxmzZw=="],

    "typescript": ["typescript@5.9.3", "", { "bin": { "tsc": "bin/tsc", "tsserver": "bin/tsserver" } }, "sha512-jl1vZzPDinLr9eUt3J/t7V6FgNEw9QjvBPdysz9KfQDD41fQrC2Y4vKQdiaUpFT4bXlb1RHhLpp8wtm6M5TgSw=="],

    "undici-types": ["undici-types@8.3.0", "", {}, "sha512-j375ScV60dom+YkPFIfTLcOiPxkN/buHz5GobjLhixFuANaNs3C9l4GmrWqejgXWJ7BbJcFYpTEUkS1Ge8bpZQ=="],

    "dsh-minimal/comrade-harness-lib": ["comrade-harness-lib@github:windwhiterain/comrade-harness-lib#5e10249", {}, "windwhiterain-comrade-harness-lib-5e10249", "sha512-AEjnD/sP/paG4xN7CKb2g/DSMbCd5PK9CKGVBt644mTG5tfbH6VV22cH00gLstBCkP8cxdTaWe8wRfoJL5NPjw=="],
  }
}
